{
  "name": "poas",
  "version": "1.0.0",
  "lockfileVersion": 2,
  "requires": true,
  "packages": {
    "": {
      "name": "poas",
      "version": "1.0.0",
      "license": "ISC",
      "dependencies": {
        "postman-to-openapi": "^2.4.0"
      }
    },
    "node_modules/argparse": {
      "version": "2.0.1",
      "resolved": "https://registry.npmjs.org/argparse/-/argparse-2.0.1.tgz",
      "integrity": "sha512-8+9WqebbFzpX9OR+Wa6O29asIogeRMzcGtAINdpMHHyAg10f05aSFVBbcEqGf/PXw1EjAZ+q2/bEBg3DvurK3Q=="
    },
    "node_modules/commander": {
      "version": "8.3.0",
      "resolved": "https://registry.npmjs.org/commander/-/commander-8.3.0.tgz",
      "integrity": "sha512-OkTL9umf+He2DZkUq8f8J9of7yL6RJKI24dVITBmNfZBmri9zYZQrKkuXiKhyfPSu8tUhnVBB1iKXevvnlR4Ww==",
      "engines": {
        "node": ">= 12"
      }
    },
    "node_modules/js-yaml": {
      "version": "4.1.0",
      "resolved": "https://registry.npmjs.org/js-yaml/-/js-yaml-4.1.0.tgz",
      "integrity": "sha512-wpxZs9NoxZaJESJGIZTyDEaYpl0FKSA+FB9aJiyemKhMwkxQg63h4T1KJgUGHpTqPDNRcmmYLugrRjJlBtWvRA==",
      "dependencies": {
        "argparse": "^2.0.1"
      },
      "bin": {
        "js-yaml": "bin/js-yaml.js"
      }
    },
    "node_modules/jsonc-parser": {
      "version": "3.1.0",
      "resolved": "https://registry.npmjs.org/jsonc-parser/-/jsonc-parser-3.1.0.tgz",
      "integrity": "sha512-DRf0QjnNeCUds3xTjKlQQ3DpJD51GvDjJfnxUVWg6PZTo2otSm+slzNAxU/35hF8/oJIKoG9slq30JYOsF2azg=="
    },
    "node_modules/marked": {
      "version": "4.1.0",
      "resolved": "https://registry.npmjs.org/marked/-/marked-4.1.0.tgz",
      "integrity": "sha512-+Z6KDjSPa6/723PQYyc1axYZpYYpDnECDaU6hkaf5gqBieBkMKYReL5hteF2QizhlMbgbo8umXl/clZ67+GlsA==",
      "bin": {
        "marked": "bin/marked.js"
      },
      "engines": {
        "node": ">= 12"
      }
    },
    "node_modules/mustache": {
      "version": "4.2.0",
      "resolved": "https://registry.npmjs.org/mustache/-/mustache-4.2.0.tgz",
      "integrity": "sha512-71ippSywq5Yb7/tVYyGbkBggbU8H3u5Rz56fH60jGFgr8uHwxs+aSKeqmluIVzM0m0kB7xQjKS6qPfd0b2ZoqQ==",
      "bin": {
        "mustache": "bin/mustache"
      }
    },
    "node_modules/postman-to-openapi": {
      "version": "2.6.0",
      "resolved": "https://registry.npmjs.org/postman-to-openapi/-/postman-to-openapi-2.6.0.tgz",
      "integrity": "sha512-xm9G5W0O6puVfMt+3ffwqrU/gZh94o0mm8y2/RWiWTVyxZq0xAqMwGBkYRq9t9XrlyRD5Od70xxdcsWGxB857w==",
      "dependencies": {
        "commander": "^8.3.0",
        "js-yaml": "^4.1.0",
        "jsonc-parser": "3.1.0",
        "marked": "^4.0.19",
        "mustache": "^4.2.0"
      },
      "bin": {
        "p2o": "bin/cli.js"
      },
      "engines": {
        "node": ">=12 <18"
      }
    }
  },
  "dependencies": {
    "argparse": {
      "version": "2.0.1",
      "resolved": "https://registry.npmjs.org/argparse/-/argparse-2.0.1.tgz",
      "integrity": "sha512-8+9WqebbFzpX9OR+Wa6O29asIogeRMzcGtAINdpMHHyAg10f05aSFVBbcEqGf/PXw1EjAZ+q2/bEBg3DvurK3Q=="
    },
    "commander": {
      "version": "8.3.0",
      "resolved": "https://registry.npmjs.org/commander/-/commander-8.3.0.tgz",
      "integrity": "sha512-OkTL9umf+He2DZkUq8f8J9of7yL6RJKI24dVITBmNfZBmri9zYZQrKkuXiKhyfPSu8tUhnVBB1iKXevvnlR4Ww=="
    },
    "js-yaml": {
      "version": "4.1.0",
      "resolved": "https://registry.npmjs.org/js-yaml/-/js-yaml-4.1.0.tgz",
      "integrity": "sha512-wpxZs9NoxZaJESJGIZTyDEaYpl0FKSA+FB9aJiyemKhMwkxQg63h4T1KJgUGHpTqPDNRcmmYLugrRjJlBtWvRA==",
      "requires": {
        "argparse": "^2.0.1"
      }
    },
    "jsonc-parser": {
      "version": "3.1.0",
      "resolved": "https://registry.npmjs.org/jsonc-parser/-/jsonc-parser-3.1.0.tgz",
      "integrity": "sha512-DRf0QjnNeCUds3xTjKlQQ3DpJD51GvDjJfnxUVWg6PZTo2otSm+slzNAxU/35hF8/oJIKoG9slq30JYOsF2azg=="
    },
    "marked": {
      "version": "4.1.0",
      "resolved": "https://registry.npmjs.org/marked/-/marked-4.1.0.tgz",
      "integrity": "sha512-+Z6KDjSPa6/723PQYyc1axYZpYYpDnECDaU6hkaf5gqBieBkMKYReL5hteF2QizhlMbgbo8umXl/clZ67+GlsA=="
    },
    "mustache": {
      "version": "4.2.0",
      "resolved": "https://registry.npmjs.org/mustache/-/mustache-4.2.0.tgz",
      "integrity": "sha512-71ippSywq5Yb7/tVYyGbkBggbU8H3u5Rz56fH60jGFgr8uHwxs+aSKeqmluIVzM0m0kB7xQjKS6qPfd0b2ZoqQ=="
    },
    "postman-to-openapi": {
      "version": "2.6.0",
      "resolved": "https://registry.npmjs.org/postman-to-openapi/-/postman-to-openapi-2.6.0.tgz",
      "integrity": "sha512-xm9G5W0O6puVfMt+3ffwqrU/gZh94o0mm8y2/RWiWTVyxZq0xAqMwGBkYRq9t9XrlyRD5Od70xxdcsWGxB857w==",
      "requires": {
        "commander": "^8.3.0",
        "js-yaml": "^4.1.0",
        "jsonc-parser": "3.1.0",
        "marked": "^4.0.19",
        "mustache": "^4.2.0"
      }
    }
  }
}
